
Microsoft Visual Studio Solution File, Format Version 12.00
# Visual Studio 15
VisualStudioVersion = 15.0.27703.2042
MinimumVisualStudioVersion = 10.0.40219.1
Project("{FAE04EC0-301F-11D3-BF4B-00C04F79EFBC}") = "GenericReadonlyListQuestion", "GenericReadonlyListQuestion\GenericReadonlyListQuestion.csproj", "{CE2E6FB9-E7D6-4A80-9B9B-AAB51C82471F}"
EndProject
Project("{9A19103F-16F7-4668-BE54-9A1E7A4F7556}") = "GenericReadonlyListQuestionTest", "GenericReadonlyListQuestionTest\GenericReadonlyListQuestionTest.csproj", "{0411B6FA-F653-4606-BF90-AE4AC4EFEACC}"
EndProject
Global
	GlobalSection(SolutionConfigurationPlatforms) = preSolution
		Debug|Any CPU = Debug|Any CPU
		Debug|ARM = Debug|ARM
		Debug|x64 = Debug|x64
		Debug|x86 = Debug|x86
		Release|Any CPU = Release|Any CPU
		Release|ARM = Release|ARM
		Release|x64 = Release|x64
		Release|x86 = Release|x86
	EndGlobalSection
	GlobalSection(ProjectConfigurationPlatforms) = postSolution
		{CE2E6FB9-E7D6-4A80-9B9B-AAB51C82471F}.Debug|Any CPU.ActiveCfg = Debug|Any CPU
		{CE2E6FB9-E7D6-4A80-9B9B-AAB51C82471F}.Debug|Any CPU.Build.0 = Debug|Any CPU
		{CE2E6FB9-E7D6-4A80-9B9B-AAB51C82471F}.Debug|ARM.ActiveCfg = Debug|Any CPU
		{CE2E6FB9-E7D6-4A80-9B9B-AAB51C82471F}.Debug|ARM.Build.0 = Debug|Any CPU
		{CE2E6FB9-E7D6-4A80-9B9B-AAB51C82471F}.Debug|x64.ActiveCfg = Debug|Any CPU
		{CE2E6FB9-E7D6-4A80-9B9B-AAB51C82471F}.Debug|x64.Build.0 = Debug|Any CPU
		{CE2E6FB9-E7D6-4A80-9B9B-AAB51C82471F}.Debug|x86.ActiveCfg = Debug|Any CPU
		{CE2E6FB9-E7D6-4A80-9B9B-AAB51C82471F}.Debug|x86.Build.0 = Debug|Any CPU
		{CE2E6FB9-E7D6-4A80-9B9B-AAB51C82471F}.Release|Any CPU.ActiveCfg = Release|Any CPU
		{CE2E6FB9-E7D6-4A80-9B9B-AAB51C82471F}.Release|Any CPU.Build.0 = Release|Any CPU
		{CE2E6FB9-E7D6-4A80-9B9B-AAB51C82471F}.Release|ARM.ActiveCfg = Release|Any CPU
		{CE2E6FB9-E7D6-4A80-9B9B-AAB51C82471F}.Release|ARM.Build.0 = Release|Any CPU
		{CE2E6FB9-E7D6-4A80-9B9B-AAB51C82471F}.Release|x64.ActiveCfg = Release|Any CPU
		{CE2E6FB9-E7D6-4A80-9B9B-AAB51C82471F}.Release|x64.Build.0 = Release|Any CPU
		{CE2E6FB9-E7D6-4A80-9B9B-AAB51C82471F}.Release|x86.ActiveCfg = Release|Any CPU
		{CE2E6FB9-E7D6-4A80-9B9B-AAB51C82471F}.Release|x86.Build.0 = Release|Any CPU
		{0411B6FA-F653-4606-BF90-AE4AC4EFEACC}.Debug|Any CPU.ActiveCfg = Debug|Any CPU
		{0411B6FA-F653-4606-BF90-AE4AC4EFEACC}.Debug|Any CPU.Build.0 = Debug|Any CPU
		{0411B6FA-F653-4606-BF90-AE4AC4EFEACC}.Debug|ARM.ActiveCfg = Debug|Any CPU
		{0411B6FA-F653-4606-BF90-AE4AC4EFEACC}.Debug|ARM.Build.0 = Debug|Any CPU
		{0411B6FA-F653-4606-BF90-AE4AC4EFEACC}.Debug|x64.ActiveCfg = Debug|Any CPU
		{0411B6FA-F653-4606-BF90-AE4AC4EFEACC}.Debug|x64.Build.0 = Debug|Any CPU
		{0411B6FA-F653-4606-BF90-AE4AC4EFEACC}.Debug|x86.ActiveCfg = Debug|Any CPU
		{0411B6FA-F653-4606-BF90-AE4AC4EFEACC}.Debug|x86.Build.0 = Debug|Any CPU
		{0411B6FA-F653-4606-BF90-AE4AC4EFEACC}.Release|Any CPU.ActiveCfg = Release|Any CPU
		{0411B6FA-F653-4606-BF90-AE4AC4EFEACC}.Release|Any CPU.Build.0 = Release|Any CPU
		{0411B6FA-F653-4606-BF90-AE4AC4EFEACC}.Release|ARM.ActiveCfg = Release|Any CPU
		{0411B6FA-F653-4606-BF90-AE4AC4EFEACC}.Release|ARM.Build.0 = Release|Any CPU
		{0411B6FA-F653-4606-BF90-AE4AC4EFEACC}.Release|x64.ActiveCfg = Release|Any CPU
		{0411B6FA-F653-4606-BF90-AE4AC4EFEACC}.Release|x64.Build.0 = Release|Any CPU
		{0411B6FA-F653-4606-BF90-AE4AC4EFEACC}.Release|x86.ActiveCfg = Release|Any CPU
		{0411B6FA-F653-4606-BF90-AE4AC4EFEACC}.Release|x86.Build.0 = Release|Any CPU
	EndGlobalSection
	GlobalSection(SolutionProperties) = preSolution
		HideSolutionNode = FALSE
	EndGlobalSection
	GlobalSection(ExtensibilityGlobals) = postSolution
		SolutionGuid = {5DA34625-889C-41EE-B070-69E667AE2667}
	EndGlobalSection
EndGlobal
